
Microsoft Visual Studio Solution File, Format Version 12.00
# Visual Studio Version 17
VisualStudioVersion = 17.7.34003.232
MinimumVisualStudioVersion = 10.0.40219.1
Project("{9A19103F-16F7-4668-BE54-9A1E7A4F7556}") = "Api", "Api.csproj", "{6F885AD5-1D97-4D47-9944-32B473B8F57E}"
	ProjectSection(ProjectDependencies) = postProject
		{462BC6AF-D294-46A0-A5F1-2CDA83F925FF} = {462BC6AF-D294-46A0-A5F1-2CDA83F925FF}
		{496CA523-F4DF-45C5-8533-A52AEB1B8004} = {496CA523-F4DF-45C5-8533-A52AEB1B8004}
		{84A30010-DF48-4FA3-ABDB-6E83519FD141} = {84A30010-DF48-4FA3-ABDB-6E83519FD141}
	EndProjectSection
EndProject
Project("{9A19103F-16F7-4668-BE54-9A1E7A4F7556}") = "Data", "..\Data\Data.csproj", "{84A30010-DF48-4FA3-ABDB-6E83519FD141}"
	ProjectSection(ProjectDependencies) = postProject
		{496CA523-F4DF-45C5-8533-A52AEB1B8004} = {496CA523-F4DF-45C5-8533-A52AEB1B8004}
	EndProjectSection
EndProject
Project("{9A19103F-16F7-4668-BE54-9A1E7A4F7556}") = "Domain", "..\Domain\Domain.csproj", "{496CA523-F4DF-45C5-8533-A52AEB1B8004}"
EndProject
Project("{9A19103F-16F7-4668-BE54-9A1E7A4F7556}") = "Infrastructure", "..\Infrastructure\Infrastructure.csproj", "{462BC6AF-D294-46A0-A5F1-2CDA83F925FF}"
EndProject
Project("{FAE04EC0-301F-11D3-BF4B-00C04F79EFBC}") = "React", "..\React\React.csproj", "{939B5F4D-3447-43D5-92A4-E8F405D55626}"
EndProject
Global
	GlobalSection(SolutionConfigurationPlatforms) = preSolution
		Debug|Any CPU = Debug|Any CPU
		Release|Any CPU = Release|Any CPU
	EndGlobalSection
	GlobalSection(ProjectConfigurationPlatforms) = postSolution
		{6F885AD5-1D97-4D47-9944-32B473B8F57E}.Debug|Any CPU.ActiveCfg = Debug|Any CPU
		{6F885AD5-1D97-4D47-9944-32B473B8F57E}.Debug|Any CPU.Build.0 = Debug|Any CPU
		{6F885AD5-1D97-4D47-9944-32B473B8F57E}.Release|Any CPU.ActiveCfg = Release|Any CPU
		{6F885AD5-1D97-4D47-9944-32B473B8F57E}.Release|Any CPU.Build.0 = Release|Any CPU
		{84A30010-DF48-4FA3-ABDB-6E83519FD141}.Debug|Any CPU.ActiveCfg = Debug|Any CPU
		{84A30010-DF48-4FA3-ABDB-6E83519FD141}.Debug|Any CPU.Build.0 = Debug|Any CPU
		{84A30010-DF48-4FA3-ABDB-6E83519FD141}.Release|Any CPU.ActiveCfg = Release|Any CPU
		{84A30010-DF48-4FA3-ABDB-6E83519FD141}.Release|Any CPU.Build.0 = Release|Any CPU
		{496CA523-F4DF-45C5-8533-A52AEB1B8004}.Debug|Any CPU.ActiveCfg = Debug|Any CPU
		{496CA523-F4DF-45C5-8533-A52AEB1B8004}.Debug|Any CPU.Build.0 = Debug|Any CPU
		{496CA523-F4DF-45C5-8533-A52AEB1B8004}.Release|Any CPU.ActiveCfg = Release|Any CPU
		{496CA523-F4DF-45C5-8533-A52AEB1B8004}.Release|Any CPU.Build.0 = Release|Any CPU
		{462BC6AF-D294-46A0-A5F1-2CDA83F925FF}.Debug|Any CPU.ActiveCfg = Debug|Any CPU
		{462BC6AF-D294-46A0-A5F1-2CDA83F925FF}.Debug|Any CPU.Build.0 = Debug|Any CPU
		{462BC6AF-D294-46A0-A5F1-2CDA83F925FF}.Release|Any CPU.ActiveCfg = Release|Any CPU
		{462BC6AF-D294-46A0-A5F1-2CDA83F925FF}.Release|Any CPU.Build.0 = Release|Any CPU
		{939B5F4D-3447-43D5-92A4-E8F405D55626}.Debug|Any CPU.ActiveCfg = Debug|Any CPU
		{939B5F4D-3447-43D5-92A4-E8F405D55626}.Debug|Any CPU.Build.0 = Debug|Any CPU
		{939B5F4D-3447-43D5-92A4-E8F405D55626}.Release|Any CPU.ActiveCfg = Release|Any CPU
		{939B5F4D-3447-43D5-92A4-E8F405D55626}.Release|Any CPU.Build.0 = Release|Any CPU
	EndGlobalSection
	GlobalSection(SolutionProperties) = preSolution
		HideSolutionNode = FALSE
	EndGlobalSection
	GlobalSection(ExtensibilityGlobals) = postSolution
		SolutionGuid = {DFA5DA6B-16D7-4537-BA05-5CB2FF4993E6}
	EndGlobalSection
EndGlobal
